// !$*UTF8*$!
{
	archiveVersion = 1;
	classes = {
	};
	objectVersion = 56;
	objects = {

/* Begin PBXBuildFile section */
		900669612AAA8280003D63EB /* LaunchPadRowView.swift in Sources */ = {isa = PBXBuildFile; fileRef = 900669602AAA8280003D63EB /* LaunchPadRowView.swift */; };
		90107C172AAB67A600630580 /* OperationalStatus.swift in Sources */ = {isa = PBXBuildFile; fileRef = 90107C162AAB67A600630580 /* OperationalStatus.swift */; };
		902404422AA7E1A200D702C3 /* FairingDataView.swift in Sources */ = {isa = PBXBuildFile; fileRef = 902404412AA7E1A200D702C3 /* FairingDataView.swift */; };
		902404452AA91B8000D702C3 /* LaunchSiteRowView.swift in Sources */ = {isa = PBXBuildFile; fileRef = 902404442AA91B8000D702C3 /* LaunchSiteRowView.swift */; };
		902404472AA92EB500D702C3 /* LaunchSiteListView.swift in Sources */ = {isa = PBXBuildFile; fileRef = 902404462AA92EB500D702C3 /* LaunchSiteListView.swift */; };
		908D91D72A8D3B5D00AF36CA /* View.swift in Sources */ = {isa = PBXBuildFile; fileRef = 908D91D62A8D3B5D00AF36CA /* View.swift */; };
		9090E5DD2AA1372800242D60 /* Date.swift in Sources */ = {isa = PBXBuildFile; fileRef = 9090E5DC2AA1372800242D60 /* Date.swift */; };
		90A5F0302A8A70D700ECE789 /* RocketTrackerApp.swift in Sources */ = {isa = PBXBuildFile; fileRef = 90A5F02F2A8A70D700ECE789 /* RocketTrackerApp.swift */; };
		90A5F0342A8A70D800ECE789 /* Assets.xcassets in Resources */ = {isa = PBXBuildFile; fileRef = 90A5F0332A8A70D800ECE789 /* Assets.xcassets */; };
		90A5F0372A8A70D800ECE789 /* Preview Assets.xcassets in Resources */ = {isa = PBXBuildFile; fileRef = 90A5F0362A8A70D800ECE789 /* Preview Assets.xcassets */; };
		90A5F0402A8A734E00ECE789 /* LaunchSiteView.swift in Sources */ = {isa = PBXBuildFile; fileRef = 90A5F03F2A8A734E00ECE789 /* LaunchSiteView.swift */; };
		90A5F0432A8A738400ECE789 /* LaunchView.swift in Sources */ = {isa = PBXBuildFile; fileRef = 90A5F0422A8A738400ECE789 /* LaunchView.swift */; };
		90A5F0482A8A75D700ECE789 /* Launch.swift in Sources */ = {isa = PBXBuildFile; fileRef = 90A5F0472A8A75D700ECE789 /* Launch.swift */; };
		90A5F04A2A8A75E500ECE789 /* LaunchViewModel.swift in Sources */ = {isa = PBXBuildFile; fileRef = 90A5F0492A8A75E500ECE789 /* LaunchViewModel.swift */; };
		90A5F04E2A8A761100ECE789 /* LaunchSite.swift in Sources */ = {isa = PBXBuildFile; fileRef = 90A5F04D2A8A761100ECE789 /* LaunchSite.swift */; };
		90A5F0502A8A762400ECE789 /* LaunchSiteViewModel.swift in Sources */ = {isa = PBXBuildFile; fileRef = 90A5F04F2A8A762400ECE789 /* LaunchSiteViewModel.swift */; };
		90A5F0772A8C2F9600ECE789 /* PreviewProvider.swift in Sources */ = {isa = PBXBuildFile; fileRef = 90A5F0762A8C2F9600ECE789 /* PreviewProvider.swift */; };
		90A5F0792A8C33CD00ECE789 /* LaunchRowView.swift in Sources */ = {isa = PBXBuildFile; fileRef = 90A5F0782A8C33CC00ECE789 /* LaunchRowView.swift */; };
		90AD7B6F2A9CFD6300357090 /* InfoView.swift in Sources */ = {isa = PBXBuildFile; fileRef = 90AD7B6E2A9CFD6300357090 /* InfoView.swift */; };
		90AD7B752A9D413100357090 /* LaunchDetailView.swift in Sources */ = {isa = PBXBuildFile; fileRef = 90AD7B742A9D413100357090 /* LaunchDetailView.swift */; };
		90AD7B772A9D417500357090 /* CloseSheetButton.swift in Sources */ = {isa = PBXBuildFile; fileRef = 90AD7B762A9D417500357090 /* CloseSheetButton.swift */; };
		90B396E82AA2CCF7003D35CB /* DetailSectionHeaderView.swift in Sources */ = {isa = PBXBuildFile; fileRef = 90B396E72AA2CCF7003D35CB /* DetailSectionHeaderView.swift */; };
		90B396EA2AA2CD61003D35CB /* ImageTabView.swift in Sources */ = {isa = PBXBuildFile; fileRef = 90B396E92AA2CD61003D35CB /* ImageTabView.swift */; };
		90B396EE2AA2DF71003D35CB /* RecoveryOutcomeLabelView.swift in Sources */ = {isa = PBXBuildFile; fileRef = 90B396ED2AA2DF71003D35CB /* RecoveryOutcomeLabelView.swift */; };
		90B396F02AA4004E003D35CB /* LabelDataStackView.swift in Sources */ = {isa = PBXBuildFile; fileRef = 90B396EF2AA4004E003D35CB /* LabelDataStackView.swift */; };
		90B396F22AA51856003D35CB /* Fairing.swift in Sources */ = {isa = PBXBuildFile; fileRef = 90B396F12AA51856003D35CB /* Fairing.swift */; };
		90B396F42AA5185D003D35CB /* Booster.swift in Sources */ = {isa = PBXBuildFile; fileRef = 90B396F32AA5185D003D35CB /* Booster.swift */; };
		90B396F62AA5186A003D35CB /* Capsule.swift in Sources */ = {isa = PBXBuildFile; fileRef = 90B396F52AA5186A003D35CB /* Capsule.swift */; };
		90B396F82AA52091003D35CB /* OrbitDestination.swift in Sources */ = {isa = PBXBuildFile; fileRef = 90B396F72AA52091003D35CB /* OrbitDestination.swift */; };
		90B396FA2AA5213A003D35CB /* RecoveryMethod.swift in Sources */ = {isa = PBXBuildFile; fileRef = 90B396F92AA5213A003D35CB /* RecoveryMethod.swift */; };
		90B396FC2AA521A8003D35CB /* Outcome.swift in Sources */ = {isa = PBXBuildFile; fileRef = 90B396FB2AA521A8003D35CB /* Outcome.swift */; };
		90B397002AA52853003D35CB /* LaunchPad.swift in Sources */ = {isa = PBXBuildFile; fileRef = 90B396FF2AA52853003D35CB /* LaunchPad.swift */; };
		90B397022AA78ED0003D35CB /* Int.swift in Sources */ = {isa = PBXBuildFile; fileRef = 90B397012AA78ED0003D35CB /* Int.swift */; };
		90B397042AA791EA003D35CB /* BoosterDataView.swift in Sources */ = {isa = PBXBuildFile; fileRef = 90B397032AA791EA003D35CB /* BoosterDataView.swift */; };
		90DDC7CC2A8E5D16004B532E /* Color.swift in Sources */ = {isa = PBXBuildFile; fileRef = 90DDC7CB2A8E5D16004B532E /* Color.swift */; };
		90DDC7CE2A8E6035004B532E /* String.swift in Sources */ = {isa = PBXBuildFile; fileRef = 90DDC7CD2A8E6035004B532E /* String.swift */; };
		90DDC7D12A8EB91A004B532E /* LaunchDataService.swift in Sources */ = {isa = PBXBuildFile; fileRef = 90DDC7D02A8EB91A004B532E /* LaunchDataService.swift */; };
		90DDC7D42A8EBAC9004B532E /* spacex.json in Resources */ = {isa = PBXBuildFile; fileRef = 90DDC7D32A8EBAC9004B532E /* spacex.json */; };
		90DDC7D82A8EE2AB004B532E /* Vessel.swift in Sources */ = {isa = PBXBuildFile; fileRef = 90DDC7D72A8EE2AB004B532E /* Vessel.swift */; };
		90DDC7F22A99291C004B532E /* launchsite.json in Resources */ = {isa = PBXBuildFile; fileRef = 90DDC7F12A99291C004B532E /* launchsite.json */; };
		90DDC7F42A992C35004B532E /* LaunchSiteDataService.swift in Sources */ = {isa = PBXBuildFile; fileRef = 90DDC7F32A992C35004B532E /* LaunchSiteDataService.swift */; };
		90DDC8132A994833004B532E /* CircleButtonView.swift in Sources */ = {isa = PBXBuildFile; fileRef = 90DDC8122A994833004B532E /* CircleButtonView.swift */; };
		90DDC8152A9949C7004B532E /* SearchBarView.swift in Sources */ = {isa = PBXBuildFile; fileRef = 90DDC8142A9949C7004B532E /* SearchBarView.swift */; };
		90DDC8172A994BE3004B532E /* ScopeBarView.swift in Sources */ = {isa = PBXBuildFile; fileRef = 90DDC8162A994BE3004B532E /* ScopeBarView.swift */; };
		90DDC8192A996E0F004B532E /* LaunchListView.swift in Sources */ = {isa = PBXBuildFile; fileRef = 90DDC8182A996E0F004B532E /* LaunchListView.swift */; };
		90DDC8292A9CE162004B532E /* SettingsView.swift in Sources */ = {isa = PBXBuildFile; fileRef = 90DDC8282A9CE162004B532E /* SettingsView.swift */; };
/* End PBXBuildFile section */

/* Begin PBXFileReference section */
		900669602AAA8280003D63EB /* LaunchPadRowView.swift */ = {isa = PBXFileReference; lastKnownFileType = sourcecode.swift; path = LaunchPadRowView.swift; sourceTree = "<group>"; };
		90107C162AAB67A600630580 /* OperationalStatus.swift */ = {isa = PBXFileReference; lastKnownFileType = sourcecode.swift; path = OperationalStatus.swift; sourceTree = "<group>"; };
		902404412AA7E1A200D702C3 /* FairingDataView.swift */ = {isa = PBXFileReference; lastKnownFileType = sourcecode.swift; path = FairingDataView.swift; sourceTree = "<group>"; };
		902404442AA91B8000D702C3 /* LaunchSiteRowView.swift */ = {isa = PBXFileReference; lastKnownFileType = sourcecode.swift; path = LaunchSiteRowView.swift; sourceTree = "<group>"; };
		902404462AA92EB500D702C3 /* LaunchSiteListView.swift */ = {isa = PBXFileReference; lastKnownFileType = sourcecode.swift; path = LaunchSiteListView.swift; sourceTree = "<group>"; };
		908D91D62A8D3B5D00AF36CA /* View.swift */ = {isa = PBXFileReference; lastKnownFileType = sourcecode.swift; path = View.swift; sourceTree = "<group>"; };
		9090E5DC2AA1372800242D60 /* Date.swift */ = {isa = PBXFileReference; lastKnownFileType = sourcecode.swift; path = Date.swift; sourceTree = "<group>"; };
		90A5F02C2A8A70D700ECE789 /* RocketTracker.app */ = {isa = PBXFileReference; explicitFileType = wrapper.application; includeInIndex = 0; path = RocketTracker.app; sourceTree = BUILT_PRODUCTS_DIR; };
		90A5F02F2A8A70D700ECE789 /* RocketTrackerApp.swift */ = {isa = PBXFileReference; lastKnownFileType = sourcecode.swift; path = RocketTrackerApp.swift; sourceTree = "<group>"; };
		90A5F0332A8A70D800ECE789 /* Assets.xcassets */ = {isa = PBXFileReference; lastKnownFileType = folder.assetcatalog; path = Assets.xcassets; sourceTree = "<group>"; };
		90A5F0362A8A70D800ECE789 /* Preview Assets.xcassets */ = {isa = PBXFileReference; lastKnownFileType = folder.assetcatalog; path = "Preview Assets.xcassets"; sourceTree = "<group>"; };
		90A5F03F2A8A734E00ECE789 /* LaunchSiteView.swift */ = {isa = PBXFileReference; lastKnownFileType = sourcecode.swift; path = LaunchSiteView.swift; sourceTree = "<group>"; };
		90A5F0422A8A738400ECE789 /* LaunchView.swift */ = {isa = PBXFileReference; lastKnownFileType = sourcecode.swift; path = LaunchView.swift; sourceTree = "<group>"; };
		90A5F0472A8A75D700ECE789 /* Launch.swift */ = {isa = PBXFileReference; lastKnownFileType = sourcecode.swift; path = Launch.swift; sourceTree = "<group>"; };
		90A5F0492A8A75E500ECE789 /* LaunchViewModel.swift */ = {isa = PBXFileReference; lastKnownFileType = sourcecode.swift; path = LaunchViewModel.swift; sourceTree = "<group>"; };
		90A5F04D2A8A761100ECE789 /* LaunchSite.swift */ = {isa = PBXFileReference; lastKnownFileType = sourcecode.swift; path = LaunchSite.swift; sourceTree = "<group>"; };
		90A5F04F2A8A762400ECE789 /* LaunchSiteViewModel.swift */ = {isa = PBXFileReference; lastKnownFileType = sourcecode.swift; path = LaunchSiteViewModel.swift; sourceTree = "<group>"; };
		90A5F0762A8C2F9600ECE789 /* PreviewProvider.swift */ = {isa = PBXFileReference; lastKnownFileType = sourcecode.swift; path = PreviewProvider.swift; sourceTree = "<group>"; };
		90A5F0782A8C33CC00ECE789 /* LaunchRowView.swift */ = {isa = PBXFileReference; lastKnownFileType = sourcecode.swift; path = LaunchRowView.swift; sourceTree = "<group>"; };
		90AD7B6E2A9CFD6300357090 /* InfoView.swift */ = {isa = PBXFileReference; lastKnownFileType = sourcecode.swift; path = InfoView.swift; sourceTree = "<group>"; };
		90AD7B742A9D413100357090 /* LaunchDetailView.swift */ = {isa = PBXFileReference; lastKnownFileType = sourcecode.swift; path = LaunchDetailView.swift; sourceTree = "<group>"; };
		90AD7B762A9D417500357090 /* CloseSheetButton.swift */ = {isa = PBXFileReference; lastKnownFileType = sourcecode.swift; path = CloseSheetButton.swift; sourceTree = "<group>"; };
		90B396E72AA2CCF7003D35CB /* DetailSectionHeaderView.swift */ = {isa = PBXFileReference; lastKnownFileType = sourcecode.swift; path = DetailSectionHeaderView.swift; sourceTree = "<group>"; };
		90B396E92AA2CD61003D35CB /* ImageTabView.swift */ = {isa = PBXFileReference; lastKnownFileType = sourcecode.swift; path = ImageTabView.swift; sourceTree = "<group>"; };
		90B396ED2AA2DF71003D35CB /* RecoveryOutcomeLabelView.swift */ = {isa = PBXFileReference; lastKnownFileType = sourcecode.swift; path = RecoveryOutcomeLabelView.swift; sourceTree = "<group>"; };
		90B396EF2AA4004E003D35CB /* LabelDataStackView.swift */ = {isa = PBXFileReference; lastKnownFileType = sourcecode.swift; path = LabelDataStackView.swift; sourceTree = "<group>"; };
		90B396F12AA51856003D35CB /* Fairing.swift */ = {isa = PBXFileReference; lastKnownFileType = sourcecode.swift; path = Fairing.swift; sourceTree = "<group>"; };
		90B396F32AA5185D003D35CB /* Booster.swift */ = {isa = PBXFileReference; lastKnownFileType = sourcecode.swift; path = Booster.swift; sourceTree = "<group>"; };
		90B396F52AA5186A003D35CB /* Capsule.swift */ = {isa = PBXFileReference; lastKnownFileType = sourcecode.swift; path = Capsule.swift; sourceTree = "<group>"; };
		90B396F72AA52091003D35CB /* OrbitDestination.swift */ = {isa = PBXFileReference; lastKnownFileType = sourcecode.swift; path = OrbitDestination.swift; sourceTree = "<group>"; };
		90B396F92AA5213A003D35CB /* RecoveryMethod.swift */ = {isa = PBXFileReference; lastKnownFileType = sourcecode.swift; path = RecoveryMethod.swift; sourceTree = "<group>"; };
		90B396FB2AA521A8003D35CB /* Outcome.swift */ = {isa = PBXFileReference; lastKnownFileType = sourcecode.swift; path = Outcome.swift; sourceTree = "<group>"; };
		90B396FF2AA52853003D35CB /* LaunchPad.swift */ = {isa = PBXFileReference; lastKnownFileType = sourcecode.swift; path = LaunchPad.swift; sourceTree = "<group>"; };
		90B397012AA78ED0003D35CB /* Int.swift */ = {isa = PBXFileReference; lastKnownFileType = sourcecode.swift; path = Int.swift; sourceTree = "<group>"; };
		90B397032AA791EA003D35CB /* BoosterDataView.swift */ = {isa = PBXFileReference; lastKnownFileType = sourcecode.swift; path = BoosterDataView.swift; sourceTree = "<group>"; };
		90DDC7CB2A8E5D16004B532E /* Color.swift */ = {isa = PBXFileReference; lastKnownFileType = sourcecode.swift; path = Color.swift; sourceTree = "<group>"; };
		90DDC7CD2A8E6035004B532E /* String.swift */ = {isa = PBXFileReference; lastKnownFileType = sourcecode.swift; path = String.swift; sourceTree = "<group>"; };
		90DDC7D02A8EB91A004B532E /* LaunchDataService.swift */ = {isa = PBXFileReference; lastKnownFileType = sourcecode.swift; path = LaunchDataService.swift; sourceTree = "<group>"; };
		90DDC7D32A8EBAC9004B532E /* spacex.json */ = {isa = PBXFileReference; fileEncoding = 4; lastKnownFileType = text.json; path = spacex.json; sourceTree = "<group>"; };
		90DDC7D72A8EE2AB004B532E /* Vessel.swift */ = {isa = PBXFileReference; lastKnownFileType = sourcecode.swift; path = Vessel.swift; sourceTree = "<group>"; };
		90DDC7F12A99291C004B532E /* launchsite.json */ = {isa = PBXFileReference; fileEncoding = 4; lastKnownFileType = text.json; path = launchsite.json; sourceTree = "<group>"; };
		90DDC7F32A992C35004B532E /* LaunchSiteDataService.swift */ = {isa = PBXFileReference; lastKnownFileType = sourcecode.swift; path = LaunchSiteDataService.swift; sourceTree = "<group>"; };
		90DDC8122A994833004B532E /* CircleButtonView.swift */ = {isa = PBXFileReference; lastKnownFileType = sourcecode.swift; path = CircleButtonView.swift; sourceTree = "<group>"; };
		90DDC8142A9949C7004B532E /* SearchBarView.swift */ = {isa = PBXFileReference; lastKnownFileType = sourcecode.swift; path = SearchBarView.swift; sourceTree = "<group>"; };
		90DDC8162A994BE3004B532E /* ScopeBarView.swift */ = {isa = PBXFileReference; lastKnownFileType = sourcecode.swift; path = ScopeBarView.swift; sourceTree = "<group>"; };
		90DDC8182A996E0F004B532E /* LaunchListView.swift */ = {isa = PBXFileReference; lastKnownFileType = sourcecode.swift; path = LaunchListView.swift; sourceTree = "<group>"; };
		90DDC8282A9CE162004B532E /* SettingsView.swift */ = {isa = PBXFileReference; lastKnownFileType = sourcecode.swift; path = SettingsView.swift; sourceTree = "<group>"; };
/* End PBXFileReference section */

/* Begin PBXFrameworksBuildPhase section */
		90A5F0292A8A70D700ECE789 /* Frameworks */ = {
			isa = PBXFrameworksBuildPhase;
			buildActionMask = 2147483647;
			files = (
			);
			runOnlyForDeploymentPostprocessing = 0;
		};
/* End PBXFrameworksBuildPhase section */

/* Begin PBXGroup section */
		902404432AA91B5A00D702C3 /* LaunchSiteListViews */ = {
			isa = PBXGroup;
			children = (
				902404442AA91B8000D702C3 /* LaunchSiteRowView.swift */,
				902404462AA92EB500D702C3 /* LaunchSiteListView.swift */,
				900669602AAA8280003D63EB /* LaunchPadRowView.swift */,
			);
			path = LaunchSiteListViews;
			sourceTree = "<group>";
		};
		902731D12AA2CA120003FE8A /* LaunchDetailViews */ = {
			isa = PBXGroup;
			children = (
				90AD7B742A9D413100357090 /* LaunchDetailView.swift */,
				90B397032AA791EA003D35CB /* BoosterDataView.swift */,
				902404412AA7E1A200D702C3 /* FairingDataView.swift */,
			);
			path = LaunchDetailViews;
			sourceTree = "<group>";
		};
		90A5F0232A8A70D700ECE789 = {
			isa = PBXGroup;
			children = (
				90A5F02E2A8A70D700ECE789 /* RocketTracker */,
				90A5F02D2A8A70D700ECE789 /* Products */,
			);
			sourceTree = "<group>";
		};
		90A5F02D2A8A70D700ECE789 /* Products */ = {
			isa = PBXGroup;
			children = (
				90A5F02C2A8A70D700ECE789 /* RocketTracker.app */,
			);
			name = Products;
			sourceTree = "<group>";
		};
		90A5F02E2A8A70D700ECE789 /* RocketTracker */ = {
			isa = PBXGroup;
			children = (
				90A5F02F2A8A70D700ECE789 /* RocketTrackerApp.swift */,
				90DDC8112A9947F8004B532E /* Components */,
				90A5F0752A8C2F6D00ECE789 /* Extensions */,
				90A5F0412A8A736F00ECE789 /* Launch */,
				90A5F03D2A8A72D000ECE789 /* LaunchSite */,
				90DDC7CF2A8EB8DF004B532E /* Services */,
				90DDC7D52A8EE27F004B532E /* Vessel */,
				90A5F0332A8A70D800ECE789 /* Assets.xcassets */,
				90A5F0352A8A70D800ECE789 /* Preview Content */,
			);
			path = RocketTracker;
			sourceTree = "<group>";
		};
		90A5F0352A8A70D800ECE789 /* Preview Content */ = {
			isa = PBXGroup;
			children = (
				90A5F0362A8A70D800ECE789 /* Preview Assets.xcassets */,
			);
			path = "Preview Content";
			sourceTree = "<group>";
		};
		90A5F03D2A8A72D000ECE789 /* LaunchSite */ = {
			isa = PBXGroup;
			children = (
				90DDC7F02A9927F9004B532E /* JsonFile */,
				90DDC7EE2A9927C1004B532E /* Model */,
				90DDC7EF2A9927CE004B532E /* ViewModel */,
				90A5F04B2A8A75FB00ECE789 /* Views */,
			);
			path = LaunchSite;
			sourceTree = "<group>";
		};
		90A5F0412A8A736F00ECE789 /* Launch */ = {
			isa = PBXGroup;
			children = (
				90DDC7D22A8EBA5F004B532E /* JsonFiles */,
				90A5F0732A8C25D200ECE789 /* Models */,
				90A5F0742A8C25E000ECE789 /* ViewModel */,
				90A5F0462A8A755500ECE789 /* Views */,
			);
			path = Launch;
			sourceTree = "<group>";
		};
		90A5F0462A8A755500ECE789 /* Views */ = {
			isa = PBXGroup;
			children = (
				90A5F0422A8A738400ECE789 /* LaunchView.swift */,
				90AD7B6D2A9CFD2F00357090 /* HeaderBarViews */,
				90AD7B732A9D410B00357090 /* LaunchListViews */,
				902731D12AA2CA120003FE8A /* LaunchDetailViews */,
			);
			path = Views;
			sourceTree = "<group>";
		};
		90A5F04B2A8A75FB00ECE789 /* Views */ = {
			isa = PBXGroup;
			children = (
				90A5F03F2A8A734E00ECE789 /* LaunchSiteView.swift */,
				902404432AA91B5A00D702C3 /* LaunchSiteListViews */,
			);
			path = Views;
			sourceTree = "<group>";
		};
		90A5F0732A8C25D200ECE789 /* Models */ = {
			isa = PBXGroup;
			children = (
				90A5F0472A8A75D700ECE789 /* Launch.swift */,
				90B396F12AA51856003D35CB /* Fairing.swift */,
				90B396F32AA5185D003D35CB /* Booster.swift */,
				90B396F52AA5186A003D35CB /* Capsule.swift */,
				90B396F72AA52091003D35CB /* OrbitDestination.swift */,
				90B396F92AA5213A003D35CB /* RecoveryMethod.swift */,
				90B396FB2AA521A8003D35CB /* Outcome.swift */,
			);
			path = Models;
			sourceTree = "<group>";
		};
		90A5F0742A8C25E000ECE789 /* ViewModel */ = {
			isa = PBXGroup;
			children = (
				90A5F0492A8A75E500ECE789 /* LaunchViewModel.swift */,
			);
			path = ViewModel;
			sourceTree = "<group>";
		};
		90A5F0752A8C2F6D00ECE789 /* Extensions */ = {
			isa = PBXGroup;
			children = (
				90A5F0762A8C2F9600ECE789 /* PreviewProvider.swift */,
				908D91D62A8D3B5D00AF36CA /* View.swift */,
				90DDC7CB2A8E5D16004B532E /* Color.swift */,
				90DDC7CD2A8E6035004B532E /* String.swift */,
				9090E5DC2AA1372800242D60 /* Date.swift */,
				90B397012AA78ED0003D35CB /* Int.swift */,
			);
			path = Extensions;
			sourceTree = "<group>";
		};
		90AD7B6D2A9CFD2F00357090 /* HeaderBarViews */ = {
			isa = PBXGroup;
			children = (
				90DDC8282A9CE162004B532E /* SettingsView.swift */,
				90AD7B6E2A9CFD6300357090 /* InfoView.swift */,
			);
			path = HeaderBarViews;
			sourceTree = "<group>";
		};
		90AD7B732A9D410B00357090 /* LaunchListViews */ = {
			isa = PBXGroup;
			children = (
				90A5F0782A8C33CC00ECE789 /* LaunchRowView.swift */,
				90DDC8182A996E0F004B532E /* LaunchListView.swift */,
			);
			path = LaunchListViews;
			sourceTree = "<group>";
		};
		90DDC7CF2A8EB8DF004B532E /* Services */ = {
			isa = PBXGroup;
			children = (
				90DDC7D02A8EB91A004B532E /* LaunchDataService.swift */,
				90DDC7F32A992C35004B532E /* LaunchSiteDataService.swift */,
			);
			path = Services;
			sourceTree = "<group>";
		};
		90DDC7D22A8EBA5F004B532E /* JsonFiles */ = {
			isa = PBXGroup;
			children = (
				90DDC7D32A8EBAC9004B532E /* spacex.json */,
			);
			path = JsonFiles;
			sourceTree = "<group>";
		};
		90DDC7D52A8EE27F004B532E /* Vessel */ = {
			isa = PBXGroup;
			children = (
				90DDC7D62A8EE2A3004B532E /* Model */,
			);
			path = Vessel;
			sourceTree = "<group>";
		};
		90DDC7D62A8EE2A3004B532E /* Model */ = {
			isa = PBXGroup;
			children = (
				90DDC7D72A8EE2AB004B532E /* Vessel.swift */,
			);
			path = Model;
			sourceTree = "<group>";
		};
		90DDC7EE2A9927C1004B532E /* Model */ = {
			isa = PBXGroup;
			children = (
				90A5F04D2A8A761100ECE789 /* LaunchSite.swift */,
				90B396FF2AA52853003D35CB /* LaunchPad.swift */,
				90107C162AAB67A600630580 /* OperationalStatus.swift */,
			);
			path = Model;
			sourceTree = "<group>";
		};
		90DDC7EF2A9927CE004B532E /* ViewModel */ = {
			isa = PBXGroup;
			children = (
				90A5F04F2A8A762400ECE789 /* LaunchSiteViewModel.swift */,
			);
			path = ViewModel;
			sourceTree = "<group>";
		};
		90DDC7F02A9927F9004B532E /* JsonFile */ = {
			isa = PBXGroup;
			children = (
				90DDC7F12A99291C004B532E /* launchsite.json */,
			);
			path = JsonFile;
			sourceTree = "<group>";
		};
		90DDC8112A9947F8004B532E /* Components */ = {
			isa = PBXGroup;
			children = (
				90DDC8122A994833004B532E /* CircleButtonView.swift */,
				90DDC8142A9949C7004B532E /* SearchBarView.swift */,
				90DDC8162A994BE3004B532E /* ScopeBarView.swift */,
				90AD7B762A9D417500357090 /* CloseSheetButton.swift */,
				90B396E72AA2CCF7003D35CB /* DetailSectionHeaderView.swift */,
				90B396E92AA2CD61003D35CB /* ImageTabView.swift */,
				90B396ED2AA2DF71003D35CB /* RecoveryOutcomeLabelView.swift */,
				90B396EF2AA4004E003D35CB /* LabelDataStackView.swift */,
			);
			path = Components;
			sourceTree = "<group>";
		};
/* End PBXGroup section */

/* Begin PBXNativeTarget section */
		90A5F02B2A8A70D700ECE789 /* RocketTracker */ = {
			isa = PBXNativeTarget;
			buildConfigurationList = 90A5F03A2A8A70D800ECE789 /* Build configuration list for PBXNativeTarget "RocketTracker" */;
			buildPhases = (
				90A5F0282A8A70D700ECE789 /* Sources */,
				90A5F0292A8A70D700ECE789 /* Frameworks */,
				90A5F02A2A8A70D700ECE789 /* Resources */,
			);
			buildRules = (
			);
			dependencies = (
			);
			name = RocketTracker;
			productName = RocketTracker;
			productReference = 90A5F02C2A8A70D700ECE789 /* RocketTracker.app */;
			productType = "com.apple.product-type.application";
		};
/* End PBXNativeTarget section */

/* Begin PBXProject section */
		90A5F0242A8A70D700ECE789 /* Project object */ = {
			isa = PBXProject;
			attributes = {
				BuildIndependentTargetsInParallel = 1;
				LastSwiftUpdateCheck = 1430;
				LastUpgradeCheck = 1430;
				TargetAttributes = {
					90A5F02B2A8A70D700ECE789 = {
						CreatedOnToolsVersion = 14.3.1;
					};
				};
			};
			buildConfigurationList = 90A5F0272A8A70D700ECE789 /* Build configuration list for PBXProject "RocketTracker" */;
			compatibilityVersion = "Xcode 14.0";
			developmentRegion = en;
			hasScannedForEncodings = 0;
			knownRegions = (
				en,
				Base,
			);
			mainGroup = 90A5F0232A8A70D700ECE789;
			productRefGroup = 90A5F02D2A8A70D700ECE789 /* Products */;
			projectDirPath = "";
			projectRoot = "";
			targets = (
				90A5F02B2A8A70D700ECE789 /* RocketTracker */,
			);
		};
/* End PBXProject section */

/* Begin PBXResourcesBuildPhase section */
		90A5F02A2A8A70D700ECE789 /* Resources */ = {
			isa = PBXResourcesBuildPhase;
			buildActionMask = 2147483647;
			files = (
				90DDC7D42A8EBAC9004B532E /* spacex.json in Resources */,
				90A5F0372A8A70D800ECE789 /* Preview Assets.xcassets in Resources */,
				90A5F0342A8A70D800ECE789 /* Assets.xcassets in Resources */,
				90DDC7F22A99291C004B532E /* launchsite.json in Resources */,
			);
			runOnlyForDeploymentPostprocessing = 0;
		};
/* End PBXResourcesBuildPhase section */

/* Begin PBXSourcesBuildPhase section */
		90A5F0282A8A70D700ECE789 /* Sources */ = {
			isa = PBXSourcesBuildPhase;
			buildActionMask = 2147483647;
			files = (
				90B396F22AA51856003D35CB /* Fairing.swift in Sources */,
				90DDC8292A9CE162004B532E /* SettingsView.swift in Sources */,
				90DDC7F42A992C35004B532E /* LaunchSiteDataService.swift in Sources */,
				90B396F02AA4004E003D35CB /* LabelDataStackView.swift in Sources */,
				90B396EA2AA2CD61003D35CB /* ImageTabView.swift in Sources */,
				90B397042AA791EA003D35CB /* BoosterDataView.swift in Sources */,
				90DDC7CE2A8E6035004B532E /* String.swift in Sources */,
				90A5F0502A8A762400ECE789 /* LaunchSiteViewModel.swift in Sources */,
				90A5F0402A8A734E00ECE789 /* LaunchSiteView.swift in Sources */,
				902404422AA7E1A200D702C3 /* FairingDataView.swift in Sources */,
				90B396E82AA2CCF7003D35CB /* DetailSectionHeaderView.swift in Sources */,
				90DDC7D82A8EE2AB004B532E /* Vessel.swift in Sources */,
				90DDC8192A996E0F004B532E /* LaunchListView.swift in Sources */,
				90DDC8132A994833004B532E /* CircleButtonView.swift in Sources */,
				90B396EE2AA2DF71003D35CB /* RecoveryOutcomeLabelView.swift in Sources */,
				90A5F04E2A8A761100ECE789 /* LaunchSite.swift in Sources */,
				90B396FC2AA521A8003D35CB /* Outcome.swift in Sources */,
				90B397022AA78ED0003D35CB /* Int.swift in Sources */,
				90A5F0432A8A738400ECE789 /* LaunchView.swift in Sources */,
				90DDC7CC2A8E5D16004B532E /* Color.swift in Sources */,
				90A5F0792A8C33CD00ECE789 /* LaunchRowView.swift in Sources */,
				90B397002AA52853003D35CB /* LaunchPad.swift in Sources */,
				90DDC8152A9949C7004B532E /* SearchBarView.swift in Sources */,
				90B396F42AA5185D003D35CB /* Booster.swift in Sources */,
				90B396F82AA52091003D35CB /* OrbitDestination.swift in Sources */,
				90AD7B6F2A9CFD6300357090 /* InfoView.swift in Sources */,
				902404472AA92EB500D702C3 /* LaunchSiteListView.swift in Sources */,
				900669612AAA8280003D63EB /* LaunchPadRowView.swift in Sources */,
				90AD7B752A9D413100357090 /* LaunchDetailView.swift in Sources */,
				90A5F0482A8A75D700ECE789 /* Launch.swift in Sources */,
				90A5F0772A8C2F9600ECE789 /* PreviewProvider.swift in Sources */,
				90AD7B772A9D417500357090 /* CloseSheetButton.swift in Sources */,
				90A5F0302A8A70D700ECE789 /* RocketTrackerApp.swift in Sources */,
				9090E5DD2AA1372800242D60 /* Date.swift in Sources */,
				90B396FA2AA5213A003D35CB /* RecoveryMethod.swift in Sources */,
				90B396F62AA5186A003D35CB /* Capsule.swift in Sources */,
				908D91D72A8D3B5D00AF36CA /* View.swift in Sources */,
				90DDC7D12A8EB91A004B532E /* LaunchDataService.swift in Sources */,
				90107C172AAB67A600630580 /* OperationalStatus.swift in Sources */,
				90A5F04A2A8A75E500ECE789 /* LaunchViewModel.swift in Sources */,
				90DDC8172A994BE3004B532E /* ScopeBarView.swift in Sources */,
				902404452AA91B8000D702C3 /* LaunchSiteRowView.swift in Sources */,
			);
			runOnlyForDeploymentPostprocessing = 0;
		};
/* End PBXSourcesBuildPhase section */

/* Begin XCBuildConfiguration section */
		90A5F0382A8A70D800ECE789 /* Debug */ = {
			isa = XCBuildConfiguration;
			buildSettings = {
				ALWAYS_SEARCH_USER_PATHS = NO;
				CLANG_ANALYZER_NONNULL = YES;
				CLANG_ANALYZER_NUMBER_OBJECT_CONVERSION = YES_AGGRESSIVE;
				CLANG_CXX_LANGUAGE_STANDARD = "gnu++20";
				CLANG_ENABLE_MODULES = YES;
				CLANG_ENABLE_OBJC_ARC = YES;
				CLANG_ENABLE_OBJC_WEAK = YES;
				CLANG_WARN_BLOCK_CAPTURE_AUTORELEASING = YES;
				CLANG_WARN_BOOL_CONVERSION = YES;
				CLANG_WARN_COMMA = YES;
				CLANG_WARN_CONSTANT_CONVERSION = YES;
				CLANG_WARN_DEPRECATED_OBJC_IMPLEMENTATIONS = YES;
				CLANG_WARN_DIRECT_OBJC_ISA_USAGE = YES_ERROR;
				CLANG_WARN_DOCUMENTATION_COMMENTS = YES;
				CLANG_WARN_EMPTY_BODY = YES;
				CLANG_WARN_ENUM_CONVERSION = YES;
				CLANG_WARN_INFINITE_RECURSION = YES;
				CLANG_WARN_INT_CONVERSION = YES;
				CLANG_WARN_NON_LITERAL_NULL_CONVERSION = YES;
				CLANG_WARN_OBJC_IMPLICIT_RETAIN_SELF = YES;
				CLANG_WARN_OBJC_LITERAL_CONVERSION = YES;
				CLANG_WARN_OBJC_ROOT_CLASS = YES_ERROR;
				CLANG_WARN_QUOTED_INCLUDE_IN_FRAMEWORK_HEADER = YES;
				CLANG_WARN_RANGE_LOOP_ANALYSIS = YES;
				CLANG_WARN_STRICT_PROTOTYPES = YES;
				CLANG_WARN_SUSPICIOUS_MOVE = YES;
				CLANG_WARN_UNGUARDED_AVAILABILITY = YES_AGGRESSIVE;
				CLANG_WARN_UNREACHABLE_CODE = YES;
				CLANG_WARN__DUPLICATE_METHOD_MATCH = YES;
				COPY_PHASE_STRIP = NO;
				DEBUG_INFORMATION_FORMAT = dwarf;
				ENABLE_STRICT_OBJC_MSGSEND = YES;
				ENABLE_TESTABILITY = YES;
				GCC_C_LANGUAGE_STANDARD = gnu11;
				GCC_DYNAMIC_NO_PIC = NO;
				GCC_NO_COMMON_BLOCKS = YES;
				GCC_OPTIMIZATION_LEVEL = 0;
				GCC_PREPROCESSOR_DEFINITIONS = (
					"DEBUG=1",
					"$(inherited)",
				);
				GCC_WARN_64_TO_32_BIT_CONVERSION = YES;
				GCC_WARN_ABOUT_RETURN_TYPE = YES_ERROR;
				GCC_WARN_UNDECLARED_SELECTOR = YES;
				GCC_WARN_UNINITIALIZED_AUTOS = YES_AGGRESSIVE;
				GCC_WARN_UNUSED_FUNCTION = YES;
				GCC_WARN_UNUSED_VARIABLE = YES;
				IPHONEOS_DEPLOYMENT_TARGET = 16.4;
				MTL_ENABLE_DEBUG_INFO = INCLUDE_SOURCE;
				MTL_FAST_MATH = YES;
				ONLY_ACTIVE_ARCH = YES;
				SDKROOT = iphoneos;
				SWIFT_ACTIVE_COMPILATION_CONDITIONS = DEBUG;
				SWIFT_OPTIMIZATION_LEVEL = "-Onone";
			};
			name = Debug;
		};
		90A5F0392A8A70D800ECE789 /* Release */ = {
			isa = XCBuildConfiguration;
			buildSettings = {
				ALWAYS_SEARCH_USER_PATHS = NO;
				CLANG_ANALYZER_NONNULL = YES;
				CLANG_ANALYZER_NUMBER_OBJECT_CONVERSION = YES_AGGRESSIVE;
				CLANG_CXX_LANGUAGE_STANDARD = "gnu++20";
				CLANG_ENABLE_MODULES = YES;
				CLANG_ENABLE_OBJC_ARC = YES;
				CLANG_ENABLE_OBJC_WEAK = YES;
				CLANG_WARN_BLOCK_CAPTURE_AUTORELEASING = YES;
				CLANG_WARN_BOOL_CONVERSION = YES;
				CLANG_WARN_COMMA = YES;
				CLANG_WARN_CONSTANT_CONVERSION = YES;
				CLANG_WARN_DEPRECATED_OBJC_IMPLEMENTATIONS = YES;
				CLANG_WARN_DIRECT_OBJC_ISA_USAGE = YES_ERROR;
				CLANG_WARN_DOCUMENTATION_COMMENTS = YES;
				CLANG_WARN_EMPTY_BODY = YES;
				CLANG_WARN_ENUM_CONVERSION = YES;
				CLANG_WARN_INFINITE_RECURSION = YES;
				CLANG_WARN_INT_CONVERSION = YES;
				CLANG_WARN_NON_LITERAL_NULL_CONVERSION = YES;
				CLANG_WARN_OBJC_IMPLICIT_RETAIN_SELF = YES;
				CLANG_WARN_OBJC_LITERAL_CONVERSION = YES;
				CLANG_WARN_OBJC_ROOT_CLASS = YES_ERROR;
				CLANG_WARN_QUOTED_INCLUDE_IN_FRAMEWORK_HEADER = YES;
				CLANG_WARN_RANGE_LOOP_ANALYSIS = YES;
				CLANG_WARN_STRICT_PROTOTYPES = YES;
				CLANG_WARN_SUSPICIOUS_MOVE = YES;
				CLANG_WARN_UNGUARDED_AVAILABILITY = YES_AGGRESSIVE;
				CLANG_WARN_UNREACHABLE_CODE = YES;
				CLANG_WARN__DUPLICATE_METHOD_MATCH = YES;
				COPY_PHASE_STRIP = NO;
				DEBUG_INFORMATION_FORMAT = "dwarf-with-dsym";
				ENABLE_NS_ASSERTIONS = NO;
				ENABLE_STRICT_OBJC_MSGSEND = YES;
				GCC_C_LANGUAGE_STANDARD = gnu11;
				GCC_NO_COMMON_BLOCKS = YES;
				GCC_WARN_64_TO_32_BIT_CONVERSION = YES;
				GCC_WARN_ABOUT_RETURN_TYPE = YES_ERROR;
				GCC_WARN_UNDECLARED_SELECTOR = YES;
				GCC_WARN_UNINITIALIZED_AUTOS = YES_AGGRESSIVE;
				GCC_WARN_UNUSED_FUNCTION = YES;
				GCC_WARN_UNUSED_VARIABLE = YES;
				IPHONEOS_DEPLOYMENT_TARGET = 16.4;
				MTL_ENABLE_DEBUG_INFO = NO;
				MTL_FAST_MATH = YES;
				SDKROOT = iphoneos;
				SWIFT_COMPILATION_MODE = wholemodule;
				SWIFT_OPTIMIZATION_LEVEL = "-O";
				VALIDATE_PRODUCT = YES;
			};
			name = Release;
		};
		90A5F03B2A8A70D800ECE789 /* Debug */ = {
			isa = XCBuildConfiguration;
			buildSettings = {
				ASSETCATALOG_COMPILER_APPICON_NAME = AppIcon;
				ASSETCATALOG_COMPILER_GLOBAL_ACCENT_COLOR_NAME = AccentColor;
				CODE_SIGN_STYLE = Automatic;
				CURRENT_PROJECT_VERSION = 1;
				DEVELOPMENT_ASSET_PATHS = "\"RocketTracker/Preview Content\"";
				DEVELOPMENT_TEAM = 35T7LUKJ28;
				ENABLE_PREVIEWS = YES;
				GENERATE_INFOPLIST_FILE = YES;
				INFOPLIST_KEY_UIApplicationSceneManifest_Generation = YES;
				INFOPLIST_KEY_UIApplicationSupportsIndirectInputEvents = YES;
				INFOPLIST_KEY_UILaunchScreen_Generation = YES;
				INFOPLIST_KEY_UISupportedInterfaceOrientations = UIInterfaceOrientationPortrait;
				INFOPLIST_KEY_UISupportedInterfaceOrientations_iPad = "UIInterfaceOrientationLandscapeLeft UIInterfaceOrientationLandscapeRight UIInterfaceOrientationPortrait";
				LD_RUNPATH_SEARCH_PATHS = (
					"$(inherited)",
					"@executable_path/Frameworks",
				);
				MARKETING_VERSION = 1.0;
				PRODUCT_BUNDLE_IDENTIFIER = com.rhysjulianjones.RocketTracker;
				PRODUCT_NAME = "$(TARGET_NAME)";
				SWIFT_EMIT_LOC_STRINGS = YES;
				SWIFT_VERSION = 5.0;
				TARGETED_DEVICE_FAMILY = "1,2";
			};
			name = Debug;
		};
		90A5F03C2A8A70D800ECE789 /* Release */ = {
			isa = XCBuildConfiguration;
			buildSettings = {
				ASSETCATALOG_COMPILER_APPICON_NAME = AppIcon;
				ASSETCATALOG_COMPILER_GLOBAL_ACCENT_COLOR_NAME = AccentColor;
				CODE_SIGN_STYLE = Automatic;
				CURRENT_PROJECT_VERSION = 1;
				DEVELOPMENT_ASSET_PATHS = "\"RocketTracker/Preview Content\"";
				DEVELOPMENT_TEAM = 35T7LUKJ28;
				ENABLE_PREVIEWS = YES;
				GENERATE_INFOPLIST_FILE = YES;
				INFOPLIST_KEY_UIApplicationSceneManifest_Generation = YES;
				INFOPLIST_KEY_UIApplicationSupportsIndirectInputEvents = YES;
				INFOPLIST_KEY_UILaunchScreen_Generation = YES;
				INFOPLIST_KEY_UISupportedInterfaceOrientations = UIInterfaceOrientationPortrait;
				INFOPLIST_KEY_UISupportedInterfaceOrientations_iPad = "UIInterfaceOrientationLandscapeLeft UIInterfaceOrientationLandscapeRight UIInterfaceOrientationPortrait";
				LD_RUNPATH_SEARCH_PATHS = (
					"$(inherited)",
					"@executable_path/Frameworks",
				);
				MARKETING_VERSION = 1.0;
				PRODUCT_BUNDLE_IDENTIFIER = com.rhysjulianjones.RocketTracker;
				PRODUCT_NAME = "$(TARGET_NAME)";
				SWIFT_EMIT_LOC_STRINGS = YES;
				SWIFT_VERSION = 5.0;
				TARGETED_DEVICE_FAMILY = "1,2";
			};
			name = Release;
		};
/* End XCBuildConfiguration section */

/* Begin XCConfigurationList section */
		90A5F0272A8A70D700ECE789 /* Build configuration list for PBXProject "RocketTracker" */ = {
			isa = XCConfigurationList;
			buildConfigurations = (
				90A5F0382A8A70D800ECE789 /* Debug */,
				90A5F0392A8A70D800ECE789 /* Release */,
			);
			defaultConfigurationIsVisible = 0;
			defaultConfigurationName = Release;
		};
		90A5F03A2A8A70D800ECE789 /* Build configuration list for PBXNativeTarget "RocketTracker" */ = {
			isa = XCConfigurationList;
			buildConfigurations = (
				90A5F03B2A8A70D800ECE789 /* Debug */,
				90A5F03C2A8A70D800ECE789 /* Release */,
			);
			defaultConfigurationIsVisible = 0;
			defaultConfigurationName = Release;
		};
/* End XCConfigurationList section */
	};
	rootObject = 90A5F0242A8A70D700ECE789 /* Project object */;
}
